// !$*UTF8*$!
{
	archiveVersion = 1;
	classes = {
	};
	objectVersion = 55;
	objects = {

/* Begin PBXBuildFile section */
		D5DB8AE928EDD56B00F6A58F /* KanbanBoardApp.swift in Sources */ = {isa = PBXBuildFile; fileRef = D5DB8AE828EDD56B00F6A58F /* KanbanBoardApp.swift */; };
		D5DB8AEB28EDD56B00F6A58F /* ContentView.swift in Sources */ = {isa = PBXBuildFile; fileRef = D5DB8AEA28EDD56B00F6A58F /* ContentView.swift */; };
		D5DB8AED28EDD56B00F6A58F /* Assets.xcassets in Resources */ = {isa = PBXBuildFile; fileRef = D5DB8AEC28EDD56B00F6A58F /* Assets.xcassets */; };
		D5DB8AF028EDD56B00F6A58F /* Preview Assets.xcassets in Resources */ = {isa = PBXBuildFile; fileRef = D5DB8AEF28EDD56B00F6A58F /* Preview Assets.xcassets */; };
		D5DB8AFA28EDD56B00F6A58F /* KanbanBoardTests.swift in Sources */ = {isa = PBXBuildFile; fileRef = D5DB8AF928EDD56B00F6A58F /* KanbanBoardTests.swift */; };
		D5DB8B0428EDD56C00F6A58F /* KanbanBoardUITests.swift in Sources */ = {isa = PBXBuildFile; fileRef = D5DB8B0328EDD56C00F6A58F /* KanbanBoardUITests.swift */; };
		D5DB8B0628EDD56C00F6A58F /* KanbanBoardUITestsLaunchTests.swift in Sources */ = {isa = PBXBuildFile; fileRef = D5DB8B0528EDD56C00F6A58F /* KanbanBoardUITestsLaunchTests.swift */; };
/* End PBXBuildFile section */

/* Begin PBXContainerItemProxy section */
		D5DB8AF628EDD56B00F6A58F /* PBXContainerItemProxy */ = {
			isa = PBXContainerItemProxy;
			containerPortal = D5DB8ADD28EDD56B00F6A58F /* Project object */;
			proxyType = 1;
			remoteGlobalIDString = D5DB8AE428EDD56B00F6A58F;
			remoteInfo = KanbanBoard;
		};
		D5DB8B0028EDD56C00F6A58F /* PBXContainerItemProxy */ = {
			isa = PBXContainerItemProxy;
			containerPortal = D5DB8ADD28EDD56B00F6A58F /* Project object */;
			proxyType = 1;
			remoteGlobalIDString = D5DB8AE428EDD56B00F6A58F;
			remoteInfo = KanbanBoard;
		};
/* End PBXContainerItemProxy section */

/* Begin PBXFileReference section */
		D5DB8AE528EDD56B00F6A58F /* KanbanBoard.app */ = {isa = PBXFileReference; explicitFileType = wrapper.application; includeInIndex = 0; path = KanbanBoard.app; sourceTree = BUILT_PRODUCTS_DIR; };
		D5DB8AE828EDD56B00F6A58F /* KanbanBoardApp.swift */ = {isa = PBXFileReference; lastKnownFileType = sourcecode.swift; path = KanbanBoardApp.swift; sourceTree = "<group>"; };
		D5DB8AEA28EDD56B00F6A58F /* ContentView.swift */ = {isa = PBXFileReference; lastKnownFileType = sourcecode.swift; path = ContentView.swift; sourceTree = "<group>"; };
		D5DB8AEC28EDD56B00F6A58F /* Assets.xcassets */ = {isa = PBXFileReference; lastKnownFileType = folder.assetcatalog; path = Assets.xcassets; sourceTree = "<group>"; };
		D5DB8AEF28EDD56B00F6A58F /* Preview Assets.xcassets */ = {isa = PBXFileReference; lastKnownFileType = folder.assetcatalog; path = "Preview Assets.xcassets"; sourceTree = "<group>"; };
		D5DB8AF528EDD56B00F6A58F /* KanbanBoardTests.xctest */ = {isa = PBXFileReference; explicitFileType = wrapper.cfbundle; includeInIndex = 0; path = KanbanBoardTests.xctest; sourceTree = BUILT_PRODUCTS_DIR; };
		D5DB8AF928EDD56B00F6A58F /* KanbanBoardTests.swift */ = {isa = PBXFileReference; lastKnownFileType = sourcecode.swift; path = KanbanBoardTests.swift; sourceTree = "<group>"; };
		D5DB8AFF28EDD56C00F6A58F /* KanbanBoardUITests.xctest */ = {isa = PBXFileReference; explicitFileType = wrapper.cfbundle; includeInIndex = 0; path = KanbanBoardUITests.xctest; sourceTree = BUILT_PRODUCTS_DIR; };
		D5DB8B0328EDD56C00F6A58F /* KanbanBoardUITests.swift */ = {isa = PBXFileReference; lastKnownFileType = sourcecode.swift; path = KanbanBoardUITests.swift; sourceTree = "<group>"; };
		D5DB8B0528EDD56C00F6A58F /* KanbanBoardUITestsLaunchTests.swift */ = {isa = PBXFileReference; lastKnownFileType = sourcecode.swift; path = KanbanBoardUITestsLaunchTests.swift; sourceTree = "<group>"; };
/* End PBXFileReference section */

/* Begin PBXFrameworksBuildPhase section */
		D5DB8AE228EDD56B00F6A58F /* Frameworks */ = {
			isa = PBXFrameworksBuildPhase;
			buildActionMask = 2147483647;
			files = (
			);
			runOnlyForDeploymentPostprocessing = 0;
		};
		D5DB8AF228EDD56B00F6A58F /* Frameworks */ = {
			isa = PBXFrameworksBuildPhase;
			buildActionMask = 2147483647;
			files = (
			);
			runOnlyForDeploymentPostprocessing = 0;
		};
		D5DB8AFC28EDD56C00F6A58F /* Frameworks */ = {
			isa = PBXFrameworksBuildPhase;
			buildActionMask = 2147483647;
			files = (
			);
			runOnlyForDeploymentPostprocessing = 0;
		};
/* End PBXFrameworksBuildPhase section */

/* Begin PBXGroup section */
		D5DB8ADC28EDD56B00F6A58F = {
			isa = PBXGroup;
			children = (
				D5DB8AE728EDD56B00F6A58F /* KanbanBoard */,
				D5DB8AF828EDD56B00F6A58F /* KanbanBoardTests */,
				D5DB8B0228EDD56C00F6A58F /* KanbanBoardUITests */,
				D5DB8AE628EDD56B00F6A58F /* Products */,
			);
			sourceTree = "<group>";
		};
		D5DB8AE628EDD56B00F6A58F /* Products */ = {
			isa = PBXGroup;
			children = (
				D5DB8AE528EDD56B00F6A58F /* KanbanBoard.app */,
				D5DB8AF528EDD56B00F6A58F /* KanbanBoardTests.xctest */,
				D5DB8AFF28EDD56C00F6A58F /* KanbanBoardUITests.xctest */,
			);
			name = Products;
			sourceTree = "<group>";
		};
		D5DB8AE728EDD56B00F6A58F /* KanbanBoard */ = {
			isa = PBXGroup;
			children = (
				D5DB8AE828EDD56B00F6A58F /* KanbanBoardApp.swift */,
				D5DB8AEA28EDD56B00F6A58F /* ContentView.swift */,
				D5DB8AEC28EDD56B00F6A58F /* Assets.xcassets */,
				D5DB8AEE28EDD56B00F6A58F /* Preview Content */,
			);
			path = KanbanBoard;
			sourceTree = "<group>";
		};
		D5DB8AEE28EDD56B00F6A58F /* Preview Content */ = {
			isa = PBXGroup;
			children = (
				D5DB8AEF28EDD56B00F6A58F /* Preview Assets.xcassets */,
			);
			path = "Preview Content";
			sourceTree = "<group>";
		};
		D5DB8AF828EDD56B00F6A58F /* KanbanBoardTests */ = {
			isa = PBXGroup;
			children = (
				D5DB8AF928EDD56B00F6A58F /* KanbanBoardTests.swift */,
			);
			path = KanbanBoardTests;
			sourceTree = "<group>";
		};
		D5DB8B0228EDD56C00F6A58F /* KanbanBoardUITests */ = {
			isa = PBXGroup;
			children = (
				D5DB8B0328EDD56C00F6A58F /* KanbanBoardUITests.swift */,
				D5DB8B0528EDD56C00F6A58F /* KanbanBoardUITestsLaunchTests.swift */,
			);
			path = KanbanBoardUITests;
			sourceTree = "<group>";
		};
/* End PBXGroup section */

/* Begin PBXNativeTarget section */
		D5DB8AE428EDD56B00F6A58F /* KanbanBoard */ = {
			isa = PBXNativeTarget;
			buildConfigurationList = D5DB8B0928EDD56C00F6A58F /* Build configuration list for PBXNativeTarget "KanbanBoard" */;
			buildPhases = (
				D5DB8AE128EDD56B00F6A58F /* Sources */,
				D5DB8AE228EDD56B00F6A58F /* Frameworks */,
				D5DB8AE328EDD56B00F6A58F /* Resources */,
			);
			buildRules = (
			);
			dependencies = (
			);
			name = KanbanBoard;
			productName = KanbanBoard;
			productReference = D5DB8AE528EDD56B00F6A58F /* KanbanBoard.app */;
			productType = "com.apple.product-type.application";
		};
		D5DB8AF428EDD56B00F6A58F /* KanbanBoardTests */ = {
			isa = PBXNativeTarget;
			buildConfigurationList = D5DB8B0C28EDD56C00F6A58F /* Build configuration list for PBXNativeTarget "KanbanBoardTests" */;
			buildPhases = (
				D5DB8AF128EDD56B00F6A58F /* Sources */,
				D5DB8AF228EDD56B00F6A58F /* Frameworks */,
				D5DB8AF328EDD56B00F6A58F /* Resources */,
			);
			buildRules = (
			);
			dependencies = (
				D5DB8AF728EDD56B00F6A58F /* PBXTargetDependency */,
			);
			name = KanbanBoardTests;
			productName = KanbanBoardTests;
			productReference = D5DB8AF528EDD56B00F6A58F /* KanbanBoardTests.xctest */;
			productType = "com.apple.product-type.bundle.unit-test";
		};
		D5DB8AFE28EDD56C00F6A58F /* KanbanBoardUITests */ = {
			isa = PBXNativeTarget;
			buildConfigurationList = D5DB8B0F28EDD56C00F6A58F /* Build configuration list for PBXNativeTarget "KanbanBoardUITests" */;
			buildPhases = (
				D5DB8AFB28EDD56C00F6A58F /* Sources */,
				D5DB8AFC28EDD56C00F6A58F /* Frameworks */,
				D5DB8AFD28EDD56C00F6A58F /* Resources */,
			);
			buildRules = (
			);
			dependencies = (
				D5DB8B0128EDD56C00F6A58F /* PBXTargetDependency */,
			);
			name = KanbanBoardUITests;
			productName = KanbanBoardUITests;
			productReference = D5DB8AFF28EDD56C00F6A58F /* KanbanBoardUITests.xctest */;
			productType = "com.apple.product-type.bundle.ui-testing";
		};
/* End PBXNativeTarget section */

/* Begin PBXProject section */
		D5DB8ADD28EDD56B00F6A58F /* Project object */ = {
			isa = PBXProject;
			attributes = {
				BuildIndependentTargetsInParallel = 1;
				LastSwiftUpdateCheck = 1340;
				LastUpgradeCheck = 1340;
				TargetAttributes = {
					D5DB8AE428EDD56B00F6A58F = {
						CreatedOnToolsVersion = 13.4.1;
					};
					D5DB8AF428EDD56B00F6A58F = {
						CreatedOnToolsVersion = 13.4.1;
						TestTargetID = D5DB8AE428EDD56B00F6A58F;
					};
					D5DB8AFE28EDD56C00F6A58F = {
						CreatedOnToolsVersion = 13.4.1;
						TestTargetID = D5DB8AE428EDD56B00F6A58F;
					};
				};
			};
			buildConfigurationList = D5DB8AE028EDD56B00F6A58F /* Build configuration list for PBXProject "KanbanBoard" */;
			compatibilityVersion = "Xcode 13.0";
			developmentRegion = en;
			hasScannedForEncodings = 0;
			knownRegions = (
				en,
				Base,
			);
			mainGroup = D5DB8ADC28EDD56B00F6A58F;
			productRefGroup = D5DB8AE628EDD56B00F6A58F /* Products */;
			projectDirPath = "";
			projectRoot = "";
			targets = (
				D5DB8AE428EDD56B00F6A58F /* KanbanBoard */,
				D5DB8AF428EDD56B00F6A58F /* KanbanBoardTests */,
				D5DB8AFE28EDD56C00F6A58F /* KanbanBoardUITests */,
			);
		};
/* End PBXProject section */

/* Begin PBXResourcesBuildPhase section */
		D5DB8AE328EDD56B00F6A58F /* Resources */ = {
			isa = PBXResourcesBuildPhase;
			buildActionMask = 2147483647;
			files = (
				D5DB8AF028EDD56B00F6A58F /* Preview Assets.xcassets in Resources */,
				D5DB8AED28EDD56B00F6A58F /* Assets.xcassets in Resources */,
			);
			runOnlyForDeploymentPostprocessing = 0;
		};
		D5DB8AF328EDD56B00F6A58F /* Resources */ = {
			isa = PBXResourcesBuildPhase;
			buildActionMask = 2147483647;
			files = (
			);
			runOnlyForDeploymentPostprocessing = 0;
		};
		D5DB8AFD28EDD56C00F6A58F /* Resources */ = {
			isa = PBXResourcesBuildPhase;
			buildActionMask = 2147483647;
			files = (
			);
			runOnlyForDeploymentPostprocessing = 0;
		};
/* End PBXResourcesBuildPhase section */

/* Begin PBXSourcesBuildPhase section */
		D5DB8AE128EDD56B00F6A58F /* Sources */ = {
			isa = PBXSourcesBuildPhase;
			buildActionMask = 2147483647;
			files = (
				D5DB8AEB28EDD56B00F6A58F /* ContentView.swift in Sources */,
				D5DB8AE928EDD56B00F6A58F /* KanbanBoardApp.swift in Sources */,
			);
			runOnlyForDeploymentPostprocessing = 0;
		};
		D5DB8AF128EDD56B00F6A58F /* Sources */ = {
			isa = PBXSourcesBuildPhase;
			buildActionMask = 2147483647;
			files = (
				D5DB8AFA28EDD56B00F6A58F /* KanbanBoardTests.swift in Sources */,
			);
			runOnlyForDeploymentPostprocessing = 0;
		};
		D5DB8AFB28EDD56C00F6A58F /* Sources */ = {
			isa = PBXSourcesBuildPhase;
			buildActionMask = 2147483647;
			files = (
				D5DB8B0628EDD56C00F6A58F /* KanbanBoardUITestsLaunchTests.swift in Sources */,
				D5DB8B0428EDD56C00F6A58F /* KanbanBoardUITests.swift in Sources */,
			);
			runOnlyForDeploymentPostprocessing = 0;
		};
/* End PBXSourcesBuildPhase section */

/* Begin PBXTargetDependency section */
		D5DB8AF728EDD56B00F6A58F /* PBXTargetDependency */ = {
			isa = PBXTargetDependency;
			target = D5DB8AE428EDD56B00F6A58F /* KanbanBoard */;
			targetProxy = D5DB8AF628EDD56B00F6A58F /* PBXContainerItemProxy */;
		};
		D5DB8B0128EDD56C00F6A58F /* PBXTargetDependency */ = {
			isa = PBXTargetDependency;
			target = D5DB8AE428EDD56B00F6A58F /* KanbanBoard */;
			targetProxy = D5DB8B0028EDD56C00F6A58F /* PBXContainerItemProxy */;
		};
/* End PBXTargetDependency section */

/* Begin XCBuildConfiguration section */
		D5DB8B0728EDD56C00F6A58F /* Debug */ = {
			isa = XCBuildConfiguration;
			buildSettings = {
				ALWAYS_SEARCH_USER_PATHS = NO;
				CLANG_ANALYZER_NONNULL = YES;
				CLANG_ANALYZER_NUMBER_OBJECT_CONVERSION = YES_AGGRESSIVE;
				CLANG_CXX_LANGUAGE_STANDARD = "gnu++17";
				CLANG_ENABLE_MODULES = YES;
				CLANG_ENABLE_OBJC_ARC = YES;
				CLANG_ENABLE_OBJC_WEAK = YES;
				CLANG_WARN_BLOCK_CAPTURE_AUTORELEASING = YES;
				CLANG_WARN_BOOL_CONVERSION = YES;
				CLANG_WARN_COMMA = YES;
				CLANG_WARN_CONSTANT_CONVERSION = YES;
				CLANG_WARN_DEPRECATED_OBJC_IMPLEMENTATIONS = YES;
				CLANG_WARN_DIRECT_OBJC_ISA_USAGE = YES_ERROR;
				CLANG_WARN_DOCUMENTATION_COMMENTS = YES;
				CLANG_WARN_EMPTY_BODY = YES;
				CLANG_WARN_ENUM_CONVERSION = YES;
				CLANG_WARN_INFINITE_RECURSION = YES;
				CLANG_WARN_INT_CONVERSION = YES;
				CLANG_WARN_NON_LITERAL_NULL_CONVERSION = YES;
				CLANG_WARN_OBJC_IMPLICIT_RETAIN_SELF = YES;
				CLANG_WARN_OBJC_LITERAL_CONVERSION = YES;
				CLANG_WARN_OBJC_ROOT_CLASS = YES_ERROR;
				CLANG_WARN_QUOTED_INCLUDE_IN_FRAMEWORK_HEADER = YES;
				CLANG_WARN_RANGE_LOOP_ANALYSIS = YES;
				CLANG_WARN_STRICT_PROTOTYPES = YES;
				CLANG_WARN_SUSPICIOUS_MOVE = YES;
				CLANG_WARN_UNGUARDED_AVAILABILITY = YES_AGGRESSIVE;
				CLANG_WARN_UNREACHABLE_CODE = YES;
				CLANG_WARN__DUPLICATE_METHOD_MATCH = YES;
				COPY_PHASE_STRIP = NO;
				DEBUG_INFORMATION_FORMAT = dwarf;
				ENABLE_STRICT_OBJC_MSGSEND = YES;
				ENABLE_TESTABILITY = YES;
				GCC_C_LANGUAGE_STANDARD = gnu11;
				GCC_DYNAMIC_NO_PIC = NO;
				GCC_NO_COMMON_BLOCKS = YES;
				GCC_OPTIMIZATION_LEVEL = 0;
				GCC_PREPROCESSOR_DEFINITIONS = (
					"DEBUG=1",
					"$(inherited)",
				);
				GCC_WARN_64_TO_32_BIT_CONVERSION = YES;
				GCC_WARN_ABOUT_RETURN_TYPE = YES_ERROR;
				GCC_WARN_UNDECLARED_SELECTOR = YES;
				GCC_WARN_UNINITIALIZED_AUTOS = YES_AGGRESSIVE;
				GCC_WARN_UNUSED_FUNCTION = YES;
				GCC_WARN_UNUSED_VARIABLE = YES;
				IPHONEOS_DEPLOYMENT_TARGET = 15.5;
				MTL_ENABLE_DEBUG_INFO = INCLUDE_SOURCE;
				MTL_FAST_MATH = YES;
				ONLY_ACTIVE_ARCH = YES;
				SDKROOT = iphoneos;
				SWIFT_ACTIVE_COMPILATION_CONDITIONS = DEBUG;
				SWIFT_OPTIMIZATION_LEVEL = "-Onone";
			};
			name = Debug;
		};
		D5DB8B0828EDD56C00F6A58F /* Release */ = {
			isa = XCBuildConfiguration;
			buildSettings = {
				ALWAYS_SEARCH_USER_PATHS = NO;
				CLANG_ANALYZER_NONNULL = YES;
				CLANG_ANALYZER_NUMBER_OBJECT_CONVERSION = YES_AGGRESSIVE;
				CLANG_CXX_LANGUAGE_STANDARD = "gnu++17";
				CLANG_ENABLE_MODULES = YES;
				CLANG_ENABLE_OBJC_ARC = YES;
				CLANG_ENABLE_OBJC_WEAK = YES;
				CLANG_WARN_BLOCK_CAPTURE_AUTORELEASING = YES;
				CLANG_WARN_BOOL_CONVERSION = YES;
				CLANG_WARN_COMMA = YES;
				CLANG_WARN_CONSTANT_CONVERSION = YES;
				CLANG_WARN_DEPRECATED_OBJC_IMPLEMENTATIONS = YES;
				CLANG_WARN_DIRECT_OBJC_ISA_USAGE = YES_ERROR;
				CLANG_WARN_DOCUMENTATION_COMMENTS = YES;
				CLANG_WARN_EMPTY_BODY = YES;
				CLANG_WARN_ENUM_CONVERSION = YES;
				CLANG_WARN_INFINITE_RECURSION = YES;
				CLANG_WARN_INT_CONVERSION = YES;
				CLANG_WARN_NON_LITERAL_NULL_CONVERSION = YES;
				CLANG_WARN_OBJC_IMPLICIT_RETAIN_SELF = YES;
				CLANG_WARN_OBJC_LITERAL_CONVERSION = YES;
				CLANG_WARN_OBJC_ROOT_CLASS = YES_ERROR;
				CLANG_WARN_QUOTED_INCLUDE_IN_FRAMEWORK_HEADER = YES;
				CLANG_WARN_RANGE_LOOP_ANALYSIS = YES;
				CLANG_WARN_STRICT_PROTOTYPES = YES;
				CLANG_WARN_SUSPICIOUS_MOVE = YES;
				CLANG_WARN_UNGUARDED_AVAILABILITY = YES_AGGRESSIVE;
				CLANG_WARN_UNREACHABLE_CODE = YES;
				CLANG_WARN__DUPLICATE_METHOD_MATCH = YES;
				COPY_PHASE_STRIP = NO;
				DEBUG_INFORMATION_FORMAT = "dwarf-with-dsym";
				ENABLE_NS_ASSERTIONS = NO;
				ENABLE_STRICT_OBJC_MSGSEND = YES;
				GCC_C_LANGUAGE_STANDARD = gnu11;
				GCC_NO_COMMON_BLOCKS = YES;
				GCC_WARN_64_TO_32_BIT_CONVERSION = YES;
				GCC_WARN_ABOUT_RETURN_TYPE = YES_ERROR;
				GCC_WARN_UNDECLARED_SELECTOR = YES;
				GCC_WARN_UNINITIALIZED_AUTOS = YES_AGGRESSIVE;
				GCC_WARN_UNUSED_FUNCTION = YES;
				GCC_WARN_UNUSED_VARIABLE = YES;
				IPHONEOS_DEPLOYMENT_TARGET = 15.5;
				MTL_ENABLE_DEBUG_INFO = NO;
				MTL_FAST_MATH = YES;
				SDKROOT = iphoneos;
				SWIFT_COMPILATION_MODE = wholemodule;
				SWIFT_OPTIMIZATION_LEVEL = "-O";
				VALIDATE_PRODUCT = YES;
			};
			name = Release;
		};
		D5DB8B0A28EDD56C00F6A58F /* Debug */ = {
			isa = XCBuildConfiguration;
			buildSettings = {
				ASSETCATALOG_COMPILER_APPICON_NAME = AppIcon;
				ASSETCATALOG_COMPILER_GLOBAL_ACCENT_COLOR_NAME = AccentColor;
				CODE_SIGN_STYLE = Automatic;
				CURRENT_PROJECT_VERSION = 1;
				DEVELOPMENT_ASSET_PATHS = "\"KanbanBoard/Preview Content\"";
				DEVELOPMENT_TEAM = 43QFYQU62X;
				ENABLE_PREVIEWS = YES;
				GENERATE_INFOPLIST_FILE = YES;
				INFOPLIST_KEY_UIApplicationSceneManifest_Generation = YES;
				INFOPLIST_KEY_UIApplicationSupportsIndirectInputEvents = YES;
				INFOPLIST_KEY_UILaunchScreen_Generation = YES;
				INFOPLIST_KEY_UISupportedInterfaceOrientations_iPad = "UIInterfaceOrientationPortrait UIInterfaceOrientationPortraitUpsideDown UIInterfaceOrientationLandscapeLeft UIInterfaceOrientationLandscapeRight";
				INFOPLIST_KEY_UISupportedInterfaceOrientations_iPhone = "UIInterfaceOrientationPortrait UIInterfaceOrientationLandscapeLeft UIInterfaceOrientationLandscapeRight";
				LD_RUNPATH_SEARCH_PATHS = (
					"$(inherited)",
					"@executable_path/Frameworks",
				);
				MARKETING_VERSION = 1.0;
				PRODUCT_BUNDLE_IDENTIFIER = Utschig.KanbanBoard;
				PRODUCT_NAME = "$(TARGET_NAME)";
				SWIFT_EMIT_LOC_STRINGS = YES;
				SWIFT_VERSION = 5.0;
				TARGETED_DEVICE_FAMILY = "1,2";
			};
			name = Debug;
		};
		D5DB8B0B28EDD56C00F6A58F /* Release */ = {
			isa = XCBuildConfiguration;
			buildSettings = {
				ASSETCATALOG_COMPILER_APPICON_NAME = AppIcon;
				ASSETCATALOG_COMPILER_GLOBAL_ACCENT_COLOR_NAME = AccentColor;
				CODE_SIGN_STYLE = Automatic;
				CURRENT_PROJECT_VERSION = 1;
				DEVELOPMENT_ASSET_PATHS = "\"KanbanBoard/Preview Content\"";
				DEVELOPMENT_TEAM = 43QFYQU62X;
				ENABLE_PREVIEWS = YES;
				GENERATE_INFOPLIST_FILE = YES;
				INFOPLIST_KEY_UIApplicationSceneManifest_Generation = YES;
				INFOPLIST_KEY_UIApplicationSupportsIndirectInputEvents = YES;
				INFOPLIST_KEY_UILaunchScreen_Generation = YES;
				INFOPLIST_KEY_UISupportedInterfaceOrientations_iPad = "UIInterfaceOrientationPortrait UIInterfaceOrientationPortraitUpsideDown UIInterfaceOrientationLandscapeLeft UIInterfaceOrientationLandscapeRight";
				INFOPLIST_KEY_UISupportedInterfaceOrientations_iPhone = "UIInterfaceOrientationPortrait UIInterfaceOrientationLandscapeLeft UIInterfaceOrientationLandscapeRight";
				LD_RUNPATH_SEARCH_PATHS = (
					"$(inherited)",
					"@executable_path/Frameworks",
				);
				MARKETING_VERSION = 1.0;
				PRODUCT_BUNDLE_IDENTIFIER = Utschig.KanbanBoard;
				PRODUCT_NAME = "$(TARGET_NAME)";
				SWIFT_EMIT_LOC_STRINGS = YES;
				SWIFT_VERSION = 5.0;
				TARGETED_DEVICE_FAMILY = "1,2";
			};
			name = Release;
		};
		D5DB8B0D28EDD56C00F6A58F /* Debug */ = {
			isa = XCBuildConfiguration;
			buildSettings = {
				ALWAYS_EMBED_SWIFT_STANDARD_LIBRARIES = YES;
				BUNDLE_LOADER = "$(TEST_HOST)";
				CODE_SIGN_STYLE = Automatic;
				CURRENT_PROJECT_VERSION = 1;
				DEVELOPMENT_TEAM = 43QFYQU62X;
				GENERATE_INFOPLIST_FILE = YES;
				IPHONEOS_DEPLOYMENT_TARGET = 15.5;
				MARKETING_VERSION = 1.0;
				PRODUCT_BUNDLE_IDENTIFIER = Utschig.KanbanBoardTests;
				PRODUCT_NAME = "$(TARGET_NAME)";
				SWIFT_EMIT_LOC_STRINGS = NO;
				SWIFT_VERSION = 5.0;
				TARGETED_DEVICE_FAMILY = "1,2";
				TEST_HOST = "$(BUILT_PRODUCTS_DIR)/KanbanBoard.app/KanbanBoard";
			};
			name = Debug;
		};
		D5DB8B0E28EDD56C00F6A58F /* Release */ = {
			isa = XCBuildConfiguration;
			buildSettings = {
				ALWAYS_EMBED_SWIFT_STANDARD_LIBRARIES = YES;
				BUNDLE_LOADER = "$(TEST_HOST)";
				CODE_SIGN_STYLE = Automatic;
				CURRENT_PROJECT_VERSION = 1;
				DEVELOPMENT_TEAM = 43QFYQU62X;
				GENERATE_INFOPLIST_FILE = YES;
				IPHONEOS_DEPLOYMENT_TARGET = 15.5;
				MARKETING_VERSION = 1.0;
				PRODUCT_BUNDLE_IDENTIFIER = Utschig.KanbanBoardTests;
				PRODUCT_NAME = "$(TARGET_NAME)";
				SWIFT_EMIT_LOC_STRINGS = NO;
				SWIFT_VERSION = 5.0;
				TARGETED_DEVICE_FAMILY = "1,2";
				TEST_HOST = "$(BUILT_PRODUCTS_DIR)/KanbanBoard.app/KanbanBoard";
			};
			name = Release;
		};
		D5DB8B1028EDD56C00F6A58F /* Debug */ = {
			isa = XCBuildConfiguration;
			buildSettings = {
				ALWAYS_EMBED_SWIFT_STANDARD_LIBRARIES = YES;
				CODE_SIGN_STYLE = Automatic;
				CURRENT_PROJECT_VERSION = 1;
				DEVELOPMENT_TEAM = 43QFYQU62X;
				GENERATE_INFOPLIST_FILE = YES;
				MARKETING_VERSION = 1.0;
				PRODUCT_BUNDLE_IDENTIFIER = Utschig.KanbanBoardUITests;
				PRODUCT_NAME = "$(TARGET_NAME)";
				SWIFT_EMIT_LOC_STRINGS = NO;
				SWIFT_VERSION = 5.0;
				TARGETED_DEVICE_FAMILY = "1,2";
				TEST_TARGET_NAME = KanbanBoard;
			};
			name = Debug;
		};
		D5DB8B1128EDD56C00F6A58F /* Release */ = {
			isa = XCBuildConfiguration;
			buildSettings = {
				ALWAYS_EMBED_SWIFT_STANDARD_LIBRARIES = YES;
				CODE_SIGN_STYLE = Automatic;
				CURRENT_PROJECT_VERSION = 1;
				DEVELOPMENT_TEAM = 43QFYQU62X;
				GENERATE_INFOPLIST_FILE = YES;
				MARKETING_VERSION = 1.0;
				PRODUCT_BUNDLE_IDENTIFIER = Utschig.KanbanBoardUITests;
				PRODUCT_NAME = "$(TARGET_NAME)";
				SWIFT_EMIT_LOC_STRINGS = NO;
				SWIFT_VERSION = 5.0;
				TARGETED_DEVICE_FAMILY = "1,2";
				TEST_TARGET_NAME = KanbanBoard;
			};
			name = Release;
		};
/* End XCBuildConfiguration section */

/* Begin XCConfigurationList section */
		D5DB8AE028EDD56B00F6A58F /* Build configuration list for PBXProject "KanbanBoard" */ = {
			isa = XCConfigurationList;
			buildConfigurations = (
				D5DB8B0728EDD56C00F6A58F /* Debug */,
				D5DB8B0828EDD56C00F6A58F /* Release */,
			);
			defaultConfigurationIsVisible = 0;
			defaultConfigurationName = Release;
		};
		D5DB8B0928EDD56C00F6A58F /* Build configuration list for PBXNativeTarget "KanbanBoard" */ = {
			isa = XCConfigurationList;
			buildConfigurations = (
				D5DB8B0A28EDD56C00F6A58F /* Debug */,
				D5DB8B0B28EDD56C00F6A58F /* Release */,
			);
			defaultConfigurationIsVisible = 0;
			defaultConfigurationName = Release;
		};
		D5DB8B0C28EDD56C00F6A58F /* Build configuration list for PBXNativeTarget "KanbanBoardTests" */ = {
			isa = XCConfigurationList;
			buildConfigurations = (
				D5DB8B0D28EDD56C00F6A58F /* Debug */,
				D5DB8B0E28EDD56C00F6A58F /* Release */,
			);
			defaultConfigurationIsVisible = 0;
			defaultConfigurationName = Release;
		};
		D5DB8B0F28EDD56C00F6A58F /* Build configuration list for PBXNativeTarget "KanbanBoardUITests" */ = {
			isa = XCConfigurationList;
			buildConfigurations = (
				D5DB8B1028EDD56C00F6A58F /* Debug */,
				D5DB8B1128EDD56C00F6A58F /* Release */,
			);
			defaultConfigurationIsVisible = 0;
			defaultConfigurationName = Release;
		};
/* End XCConfigurationList section */
	};
	rootObject = D5DB8ADD28EDD56B00F6A58F /* Project object */;
}
